
Microsoft Visual Studio Solution File, Format Version 12.00
# Visual Studio Version 17
VisualStudioVersion = 17.2.32526.322
MinimumVisualStudioVersion = 10.0.40219.1
Project("{9A19103F-16F7-4668-BE54-9A1E7A4F7556}") = "Restaurant", "Restaurant\Restaurant.csproj", "{57973611-8591-4F9E-8D8A-1BB7B5275EC7}"
EndProject
Project("{FAE04EC0-301F-11D3-BF4B-00C04F79EFBC}") = "Restaurant.Notification", "Restaurant.Notification\Restaurant.Notification.csproj", "{CA620578-D9EF-4E05-8434-A9794DC01E2B}"
EndProject
Project("{FAE04EC0-301F-11D3-BF4B-00C04F79EFBC}") = "Messaging", "Messaging\Messaging.csproj", "{2B5F870E-1553-4829-8983-37D6D32C2D95}"
EndProject
Global
	GlobalSection(SolutionConfigurationPlatforms) = preSolution
		Debug|Any CPU = Debug|Any CPU
		Release|Any CPU = Release|Any CPU
	EndGlobalSection
	GlobalSection(ProjectConfigurationPlatforms) = postSolution
		{57973611-8591-4F9E-8D8A-1BB7B5275EC7}.Debug|Any CPU.ActiveCfg = Debug|Any CPU
		{57973611-8591-4F9E-8D8A-1BB7B5275EC7}.Debug|Any CPU.Build.0 = Debug|Any CPU
		{57973611-8591-4F9E-8D8A-1BB7B5275EC7}.Release|Any CPU.ActiveCfg = Release|Any CPU
		{57973611-8591-4F9E-8D8A-1BB7B5275EC7}.Release|Any CPU.Build.0 = Release|Any CPU
		{CA620578-D9EF-4E05-8434-A9794DC01E2B}.Debug|Any CPU.ActiveCfg = Debug|Any CPU
		{CA620578-D9EF-4E05-8434-A9794DC01E2B}.Debug|Any CPU.Build.0 = Debug|Any CPU
		{CA620578-D9EF-4E05-8434-A9794DC01E2B}.Release|Any CPU.ActiveCfg = Release|Any CPU
		{CA620578-D9EF-4E05-8434-A9794DC01E2B}.Release|Any CPU.Build.0 = Release|Any CPU
		{2B5F870E-1553-4829-8983-37D6D32C2D95}.Debug|Any CPU.ActiveCfg = Debug|Any CPU
		{2B5F870E-1553-4829-8983-37D6D32C2D95}.Debug|Any CPU.Build.0 = Debug|Any CPU
		{2B5F870E-1553-4829-8983-37D6D32C2D95}.Release|Any CPU.ActiveCfg = Release|Any CPU
		{2B5F870E-1553-4829-8983-37D6D32C2D95}.Release|Any CPU.Build.0 = Release|Any CPU
	EndGlobalSection
	GlobalSection(SolutionProperties) = preSolution
		HideSolutionNode = FALSE
	EndGlobalSection
	GlobalSection(ExtensibilityGlobals) = postSolution
		SolutionGuid = {65180433-F263-4363-8BC0-59704A6C1316}
	EndGlobalSection
EndGlobal
